{
  "name": "@igrek8/github-workflows",
  "version": "1.0.0",
  "lockfileVersion": 3,
  "requires": true,
  "packages": {
    "": {
      "name": "@igrek8/github-workflows",
      "version": "1.0.0",
      "license": "MIT",
      "devDependencies": {
        "@igrek8/prettier-config": "1.0.11",
        "prettier": "2.8.8"
      }
    },
    "node_modules/@igrek8/prettier-config": {
      "version": "1.0.11",
      "resolved": "https://registry.npmjs.org/@igrek8/prettier-config/-/prettier-config-1.0.11.tgz",
      "integrity": "sha512-TmXI3sX3mR64ZC3uGKYGAZ1gfX2lB3jR/mqDGApAq5OL6z2wo1WezxUZjgYvk/EaR45JMOhxid4G/g7RHFbZxA==",
      "dev": true,
      "peerDependencies": {
        "prettier": "^2"
      }
    },
    "node_modules/prettier": {
      "version": "2.8.8",
      "resolved": "https://registry.npmjs.org/prettier/-/prettier-2.8.8.tgz",
      "integrity": "sha512-tdN8qQGvNjw4CHbY+XXk0JgCXn9QiF21a55rBe5LJAU+kDyC4WQn4+awm2Xfk2lQMk5fKup9XgzTZtGkjBdP9Q==",
      "dev": true,
      "bin": {
        "prettier": "bin-prettier.js"
      },
      "engines": {
        "node": ">=10.13.0"
      },
      "funding": {
        "url": "https://github.com/prettier/prettier?sponsor=1"
      }
    }
  }
}
